
Microsoft Visual Studio Solution File, Format Version 12.00
# Visual Studio 15
VisualStudioVersion = 15.0.26730.16
MinimumVisualStudioVersion = 10.0.40219.1
Project("{F2A71F9B-5D33-465A-A702-920D77279786}") = "ofscomments", "ofscomments\ofscomments.fsproj", "{57B3AEE4-7974-4ABA-8111-3737C0500133}"
EndProject
Project("{2150E333-8FDC-42A3-9474-1A3956D46DE8}") = "Solution Items", "Solution Items", "{996D7405-03E1-4E8D-80B1-49B63A2ACA80}"
	ProjectSection(SolutionItems) = preProject
		index.html = index.html
		ofscomments.js = ofscomments.js
		server.fsx = server.fsx
	EndProjectSection
EndProject
Global
	GlobalSection(SolutionConfigurationPlatforms) = preSolution
		Debug|Any CPU = Debug|Any CPU
		Release|Any CPU = Release|Any CPU
	EndGlobalSection
	GlobalSection(ProjectConfigurationPlatforms) = postSolution
		{57B3AEE4-7974-4ABA-8111-3737C0500133}.Debug|Any CPU.ActiveCfg = Debug|Any CPU
		{57B3AEE4-7974-4ABA-8111-3737C0500133}.Debug|Any CPU.Build.0 = Debug|Any CPU
		{57B3AEE4-7974-4ABA-8111-3737C0500133}.Release|Any CPU.ActiveCfg = Release|Any CPU
		{57B3AEE4-7974-4ABA-8111-3737C0500133}.Release|Any CPU.Build.0 = Release|Any CPU
	EndGlobalSection
	GlobalSection(SolutionProperties) = preSolution
		HideSolutionNode = FALSE
	EndGlobalSection
	GlobalSection(ExtensibilityGlobals) = postSolution
		SolutionGuid = {1836C1EF-BA3E-450A-A4D9-549C026AFB58}
	EndGlobalSection
EndGlobal
